
Microsoft Visual Studio Solution File, Format Version 12.00
# Visual Studio 2012
Project("{FAE04EC0-301F-11D3-BF4B-00C04F79EFBC}") = "CommonTools", "CommonTools\CommonTools.csproj", "{4538657E-9F34-4747-B50A-EC58FCDEE12C}"
EndProject
Project("{FAE04EC0-301F-11D3-BF4B-00C04F79EFBC}") = "CommonTools.Test", "CommonTools.Test\CommonTools.Test.csproj", "{4C8C9F88-E0CE-4E37-8EC3-C80855442191}"
EndProject
Global
	GlobalSection(SolutionConfigurationPlatforms) = preSolution
		Debug|Any CPU = Debug|Any CPU
		Release|Any CPU = Release|Any CPU
	EndGlobalSection
	GlobalSection(ProjectConfigurationPlatforms) = postSolution
		{4538657E-9F34-4747-B50A-EC58FCDEE12C}.Debug|Any CPU.ActiveCfg = Debug|Any CPU
		{4538657E-9F34-4747-B50A-EC58FCDEE12C}.Debug|Any CPU.Build.0 = Debug|Any CPU
		{4538657E-9F34-4747-B50A-EC58FCDEE12C}.Release|Any CPU.ActiveCfg = Release|Any CPU
		{4538657E-9F34-4747-B50A-EC58FCDEE12C}.Release|Any CPU.Build.0 = Release|Any CPU
		{4C8C9F88-E0CE-4E37-8EC3-C80855442191}.Debug|Any CPU.ActiveCfg = Debug|Any CPU
		{4C8C9F88-E0CE-4E37-8EC3-C80855442191}.Debug|Any CPU.Build.0 = Debug|Any CPU
		{4C8C9F88-E0CE-4E37-8EC3-C80855442191}.Release|Any CPU.ActiveCfg = Release|Any CPU
		{4C8C9F88-E0CE-4E37-8EC3-C80855442191}.Release|Any CPU.Build.0 = Release|Any CPU
	EndGlobalSection
	GlobalSection(SolutionProperties) = preSolution
		HideSolutionNode = FALSE
	EndGlobalSection
EndGlobal
